
Microsoft Visual Studio Solution File, Format Version 12.00
# Visual Studio Version 16
VisualStudioVersion = 16.0.35229.62
MinimumVisualStudioVersion = 10.0.40219.1
Project("{FAE04EC0-301F-11D3-BF4B-00C04F79EFBC}") = "hw6", "hw6\hw6.csproj", "{03D539F4-AE82-4882-B7B1-230CD2D6AB9A}"
EndProject
Global
	GlobalSection(SolutionConfigurationPlatforms) = preSolution
		Debug|Any CPU = Debug|Any CPU
		Release|Any CPU = Release|Any CPU
	EndGlobalSection
	GlobalSection(ProjectConfigurationPlatforms) = postSolution
		{03D539F4-AE82-4882-B7B1-230CD2D6AB9A}.Debug|Any CPU.ActiveCfg = Debug|Any CPU
		{03D539F4-AE82-4882-B7B1-230CD2D6AB9A}.Debug|Any CPU.Build.0 = Debug|Any CPU
		{03D539F4-AE82-4882-B7B1-230CD2D6AB9A}.Release|Any CPU.ActiveCfg = Release|Any CPU
		{03D539F4-AE82-4882-B7B1-230CD2D6AB9A}.Release|Any CPU.Build.0 = Release|Any CPU
	EndGlobalSection
	GlobalSection(SolutionProperties) = preSolution
		HideSolutionNode = FALSE
	EndGlobalSection
	GlobalSection(ExtensibilityGlobals) = postSolution
		SolutionGuid = {1073D19E-C77F-4454-ABBE-5EBB11C28534}
	EndGlobalSection
EndGlobal
